
Microsoft Visual Studio Solution File, Format Version 11.00
# Visual Studio 2010
Project("{FAE04EC0-301F-11D3-BF4B-00C04F79EFBC}") = "Powerhourer", "Powerhourer\Powerhourer.csproj", "{8694B69A-0602-4DC9-AE7E-3F58B2300EEB}"
EndProject
Project("{FAE04EC0-301F-11D3-BF4B-00C04F79EFBC}") = "Powerhourer.Web", "Powerhourer.Web\Powerhourer.Web.csproj", "{8CC329CE-AE77-4777-8CD1-E32EF3A509A9}"
EndProject
Global
	GlobalSection(SolutionConfigurationPlatforms) = preSolution
		Debug|Any CPU = Debug|Any CPU
		Release|Any CPU = Release|Any CPU
	EndGlobalSection
	GlobalSection(ProjectConfigurationPlatforms) = postSolution
		{8694B69A-0602-4DC9-AE7E-3F58B2300EEB}.Debug|Any CPU.ActiveCfg = Debug|Any CPU
		{8694B69A-0602-4DC9-AE7E-3F58B2300EEB}.Debug|Any CPU.Build.0 = Debug|Any CPU
		{8694B69A-0602-4DC9-AE7E-3F58B2300EEB}.Release|Any CPU.ActiveCfg = Release|Any CPU
		{8694B69A-0602-4DC9-AE7E-3F58B2300EEB}.Release|Any CPU.Build.0 = Release|Any CPU
		{8CC329CE-AE77-4777-8CD1-E32EF3A509A9}.Debug|Any CPU.ActiveCfg = Debug|Any CPU
		{8CC329CE-AE77-4777-8CD1-E32EF3A509A9}.Debug|Any CPU.Build.0 = Debug|Any CPU
		{8CC329CE-AE77-4777-8CD1-E32EF3A509A9}.Release|Any CPU.ActiveCfg = Release|Any CPU
		{8CC329CE-AE77-4777-8CD1-E32EF3A509A9}.Release|Any CPU.Build.0 = Release|Any CPU
	EndGlobalSection
	GlobalSection(SolutionProperties) = preSolution
		HideSolutionNode = FALSE
	EndGlobalSection
EndGlobal
